
Microsoft Visual Studio Solution File, Format Version 12.00
# Visual Studio Version 16
VisualStudioVersion = 16.0.33027.164
MinimumVisualStudioVersion = 10.0.40219.1
Project("{FAE04EC0-301F-11D3-BF4B-00C04F79EFBC}") = "AjaxPractice", "AjaxPractice\AjaxPractice.csproj", "{AE8B5C48-C255-4710-A0B5-8F8BE6A42D33}"
EndProject
Global
	GlobalSection(SolutionConfigurationPlatforms) = preSolution
		Debug|Any CPU = Debug|Any CPU
		Release|Any CPU = Release|Any CPU
	EndGlobalSection
	GlobalSection(ProjectConfigurationPlatforms) = postSolution
		{AE8B5C48-C255-4710-A0B5-8F8BE6A42D33}.Debug|Any CPU.ActiveCfg = Debug|Any CPU
		{AE8B5C48-C255-4710-A0B5-8F8BE6A42D33}.Debug|Any CPU.Build.0 = Debug|Any CPU
		{AE8B5C48-C255-4710-A0B5-8F8BE6A42D33}.Release|Any CPU.ActiveCfg = Release|Any CPU
		{AE8B5C48-C255-4710-A0B5-8F8BE6A42D33}.Release|Any CPU.Build.0 = Release|Any CPU
	EndGlobalSection
	GlobalSection(SolutionProperties) = preSolution
		HideSolutionNode = FALSE
	EndGlobalSection
	GlobalSection(ExtensibilityGlobals) = postSolution
		SolutionGuid = {3EC53766-8EFA-4362-AB80-180F71F769F5}
	EndGlobalSection
EndGlobal
